
Microsoft Visual Studio Solution File, Format Version 12.00
# Visual Studio Version 17
VisualStudioVersion = 17.3.32929.385
MinimumVisualStudioVersion = 10.0.40219.1
Project("{FAE04EC0-301F-11D3-BF4B-00C04F79EFBC}") = "CinemaWebApi", "CinemaWebApi.csproj", "{F077E7DB-B14D-46D8-8275-63FBECF129BA}"
EndProject
Global
	GlobalSection(SolutionConfigurationPlatforms) = preSolution
		Debug|Any CPU = Debug|Any CPU
		Release|Any CPU = Release|Any CPU
	EndGlobalSection
	GlobalSection(ProjectConfigurationPlatforms) = postSolution
		{F077E7DB-B14D-46D8-8275-63FBECF129BA}.Debug|Any CPU.ActiveCfg = Debug|Any CPU
		{F077E7DB-B14D-46D8-8275-63FBECF129BA}.Debug|Any CPU.Build.0 = Debug|Any CPU
		{F077E7DB-B14D-46D8-8275-63FBECF129BA}.Release|Any CPU.ActiveCfg = Release|Any CPU
		{F077E7DB-B14D-46D8-8275-63FBECF129BA}.Release|Any CPU.Build.0 = Release|Any CPU
	EndGlobalSection
	GlobalSection(SolutionProperties) = preSolution
		HideSolutionNode = FALSE
	EndGlobalSection
	GlobalSection(ExtensibilityGlobals) = postSolution
		SolutionGuid = {53C5609D-9201-483C-8D8B-BACC4D8E1C21}
	EndGlobalSection
EndGlobal
